
Microsoft Visual Studio Solution File, Format Version 12.00
# Visual Studio 14
VisualStudioVersion = 14.0.23107.0
MinimumVisualStudioVersion = 10.0.40219.1
Project("{FAE04EC0-301F-11D3-BF4B-00C04F79EFBC}") = "MSHealthCloudApi.Net", "MSHealthCloudApi.Net\MSHealthCloudApi.Net.csproj", "{54033631-6722-489E-804E-C219753D6191}"
EndProject
Project("{9092AA53-FB77-4645-B42D-1CCCA6BD08BD}") = "SwaggerTypeGenerator", "SwaggerTypeGenerator\SwaggerTypeGenerator.njsproj", "{C9425505-0748-483A-8E53-8132D01EEBB0}"
EndProject
Global
	GlobalSection(SolutionConfigurationPlatforms) = preSolution
		Debug|Any CPU = Debug|Any CPU
		Release|Any CPU = Release|Any CPU
	EndGlobalSection
	GlobalSection(ProjectConfigurationPlatforms) = postSolution
		{54033631-6722-489E-804E-C219753D6191}.Debug|Any CPU.ActiveCfg = Debug|Any CPU
		{54033631-6722-489E-804E-C219753D6191}.Debug|Any CPU.Build.0 = Debug|Any CPU
		{54033631-6722-489E-804E-C219753D6191}.Release|Any CPU.ActiveCfg = Release|Any CPU
		{54033631-6722-489E-804E-C219753D6191}.Release|Any CPU.Build.0 = Release|Any CPU
		{C9425505-0748-483A-8E53-8132D01EEBB0}.Debug|Any CPU.ActiveCfg = Debug|Any CPU
		{C9425505-0748-483A-8E53-8132D01EEBB0}.Debug|Any CPU.Build.0 = Debug|Any CPU
		{C9425505-0748-483A-8E53-8132D01EEBB0}.Release|Any CPU.ActiveCfg = Release|Any CPU
		{C9425505-0748-483A-8E53-8132D01EEBB0}.Release|Any CPU.Build.0 = Release|Any CPU
	EndGlobalSection
	GlobalSection(SolutionProperties) = preSolution
		HideSolutionNode = FALSE
	EndGlobalSection
EndGlobal
